{
    "_meta": {
        "hash": {
            "sha256": "880ee831371061df936de2ce8dafced4616c155690160e12f78e8c74aee37888"
        },
        "pipfile-spec": 6,
        "requires": {
            "python_version": "3.6"
        },
        "sources": [
            {
                "name": "pypi",
                "url": "https://pypi.org/simple",
                "verify_ssl": true
            }
        ]
    },
    "default": {
        "click": {
            "hashes": [
                "sha256:29f99fc6125fbc931b758dc053b3114e55c77a6e4c6c3a2674a2dc986016381d",
                "sha256:f15516df478d5a56180fbf80e68f206010e6d160fc39fa508b65e035fd75130b"
            ],
            "index": "pypi",
            "version": "==6.7"
        },
        "dataclasses": {
            "hashes": [
                "sha256:454a69d788c7fda44efd71e259be79577822f5e3f53f029a22d08004e951dc9f",
                "sha256:6988bd2b895eef432d562370bb707d540f32f7360ab13da45340101bc2307d84"
            ],
            "index": "pypi",
            "version": "==0.6"
        },
        "packaging": {
            "hashes": [
                "sha256:e9215d2d2535d3ae866c3d6efc77d5b24a0192cce0ff20e42896cc0664f889c0",
                "sha256:f019b770dd64e585a99714f1fd5e01c7a8f11b45635aa953fd41c689a657375b"
            ],
            "index": "pypi",
            "version": "==17.1"
        },
        "pyparsing": {
            "hashes": [
                "sha256:18ee9022775d270c55187733956460083db60b37d0d0fb357445f3094eed3eea",
                "sha256:a6c06a88f252e6c322f65faf8f418b16213b51bdfaece0524c1c1bc30c63c484"
            ],
            "markers": "python_version >= '3.6'",
            "version": "==3.0.7"
        },
        "six": {
            "hashes": [
                "sha256:1e61c37477a1626458e36f7b1d82aa5c9b094fa4802892072e49de9c60c4c926",
                "sha256:8abb2f1d86890a2dfb989f9a77cfcfd3e47c2a354b01111771326f8aa26e0254"
            ],
            "markers": "python_version >= '2.7' and python_version not in '3.0, 3.1, 3.2, 3.3'",
            "version": "==1.16.0"
        }
    },
    "develop": {
        "atomicwrites": {
            "hashes": [
                "sha256:6d1784dea7c0c8d4a5172b6c620f40b6e4cbfdf96d783691f2e1302a7b88e197",
                "sha256:ae70396ad1a434f9c7046fd2dd196fc04b12f9e91ffb859164193be8b6168a7a"
            ],
            "markers": "python_version >= '2.7' and python_version not in '3.0, 3.1, 3.2, 3.3'",
            "version": "==1.4.0"
        },
        "attrs": {
            "hashes": [
                "sha256:2d27e3784d7a565d36ab851fe94887c5eccd6a463168875832a1be79c82828b4",
                "sha256:626ba8234211db98e869df76230a137c4c40a12d72445c45d5f5b716f076e2fd"
            ],
            "markers": "python_version >= '2.7' and python_version not in '3.0, 3.1, 3.2, 3.3, 3.4'",
            "version": "==21.4.0"
        },
        "backcall": {
            "hashes": [
                "sha256:5cbdbf27be5e7cfadb448baf0aa95508f91f2bbc6c6437cd9cd06e2a4c215e1e",
                "sha256:fbbce6a29f263178a1f7915c1940bde0ec2b2a967566fe1c65c1dfb7422bd255"
            ],
            "version": "==0.2.0"
        },
        "contoml": {
            "hashes": [
                "sha256:2353275caef3726131c4192379252cc48eb4a15c06df3e1046f783de937eba94",
                "sha256:f62960b57a9489187653787bd67756d15a79e4579c7d779d8b94f581dd260a7d"
            ],
            "version": "==0.32"
        },
        "decorator": {
            "hashes": [
                "sha256:637996211036b6385ef91435e4fae22989472f9d571faba8927ba8253acbc330",
                "sha256:b8c3f85900b9dc423225913c5aace94729fe1fa9763b38939a95226f02d37186"
            ],
            "markers": "python_version >= '3.5'",
            "version": "==5.1.1"
        },
        "distlib": {
            "hashes": [
                "sha256:6564fe0a8f51e734df6333d08b8b94d4ea8ee6b99b5ed50613f731fd4089f34b",
                "sha256:e4b58818180336dc9c529bfb9a0b58728ffc09ad92027a3f30b7cd91e3458579"
            ],
            "version": "==0.3.4"
        },
        "first": {
            "hashes": [
                "sha256:8d8e46e115ea8ac652c76123c0865e3ff18372aef6f03c22809ceefcea9dec86",
                "sha256:ff285b08c55f8c97ce4ea7012743af2495c9f1291785f163722bd36f6af6d3bf"
            ],
            "version": "==2.0.2"
        },
        "ipython": {
            "hashes": [
                "sha256:5ac47dc9af66fc2f5530c12069390877ae372ac905edca75a92a6e363b5d7caa",
                "sha256:c0427ed8bc33ac481faf9d3acf7e84e0010cdaada945e0badd1e2e74cc075833"
            ],
            "index": "pypi",
            "version": "==7.16.3"
        },
        "ipython-genutils": {
            "hashes": [
                "sha256:72dd37233799e619666c9f639a9da83c34013a73e8bbc79a7a6348d93c61fab8",
                "sha256:eb2e116e75ecef9d4d228fdc66af54269afa26ab4463042e33785b887c628ba8"
            ],
            "version": "==0.2.0"
        },
        "iso8601": {
            "hashes": [
                "sha256:27f503220e6845d9db954fb212b95b0362d8b7e6c1b2326a87061c3de93594b1",
                "sha256:d7bc01b1c2a43b259570bb307f057abc578786ea734ba2b87b836c5efc5bd443"
            ],
            "markers": "python_version < '4.0' and python_full_version >= '3.6.2'",
            "version": "==1.0.2"
        },
        "jedi": {
            "hashes": [
                "sha256:86ed7d9b750603e4ba582ea8edc678657fb4007894a12bcf6f4bb97892f31d20",
                "sha256:98cc583fa0f2f8304968199b01b6b4b94f469a1f4a74c1560506ca2a211378b5"
            ],
            "markers": "python_version >= '2.7' and python_version not in '3.0, 3.1, 3.2, 3.3, 3.4'",
            "version": "==0.17.2"
        },
        "more-itertools": {
            "hashes": [
                "sha256:43e6dd9942dffd72661a2c4ef383ad7da1e6a3e968a927ad7a6083ab410a688b",
                "sha256:7dc6ad46f05f545f900dd59e8dfb4e84a4827b97b3cfecb175ea0c7d247f6064"
            ],
            "markers": "python_version >= '3.5'",
            "version": "==8.12.0"
        },
        "packaging": {
            "hashes": [
                "sha256:e9215d2d2535d3ae866c3d6efc77d5b24a0192cce0ff20e42896cc0664f889c0",
                "sha256:f019b770dd64e585a99714f1fd5e01c7a8f11b45635aa953fd41c689a657375b"
            ],
            "index": "pypi",
            "version": "==17.1"
        },
        "parso": {
            "hashes": [
                "sha256:97218d9159b2520ff45eb78028ba8b50d2bc61dcc062a9682666f2dc4bd331ea",
                "sha256:caba44724b994a8a5e086460bb212abc5a8bc46951bf4a9a1210745953622eb9"
            ],
            "markers": "python_version >= '2.7' and python_version not in '3.0, 3.1, 3.2, 3.3'",
            "version": "==0.7.1"
        },
        "pexpect": {
            "hashes": [
                "sha256:0b48a55dcb3c05f3329815901ea4fc1537514d6ba867a152b581d69ae3710937",
                "sha256:fc65a43959d153d0114afe13997d439c22823a27cefceb5ff35c2178c6784c0c"
            ],
            "markers": "sys_platform != 'win32'",
            "version": "==4.8.0"
        },
        "pickleshare": {
            "hashes": [
                "sha256:87683d47965c1da65cdacaf31c8441d12b8044cdec9aca500cd78fc2c683afca",
                "sha256:9649af414d74d4df115d5d718f82acb59c9d418196b7b4290ed47a12ce62df56"
            ],
            "version": "==0.7.5"
        },
        "pluggy": {
            "hashes": [
                "sha256:7f8ae7f5bdf75671a718d2daf0a64b7885f74510bcd98b1a0bb420eb9a9d0cff",
                "sha256:d345c8fe681115900d6da8d048ba67c25df42973bda370783cd58826442dcd7c",
                "sha256:e160a7fcf25762bb60efc7e171d4497ff1d8d2d75a3d0df7a21b76821ecbf5c5"
            ],
            "markers": "python_version >= '2.7' and python_version not in '3.0, 3.1, 3.2, 3.3'",
            "version": "==0.6.0"
        },
        "prompt-toolkit": {
            "hashes": [
                "sha256:1bb05628c7d87b645974a1bad3f17612be0c29fa39af9f7688030163f680bad6",
                "sha256:e56f2ff799bacecd3e88165b1e2f5ebf9bcd59e80e06d395fa0cc4b8bd7bb506"
            ],
            "markers": "python_full_version >= '3.6.2'",
            "version": "==3.0.24"
        },
        "ptyprocess": {
            "hashes": [
                "sha256:4b41f3967fce3af57cc7e94b888626c18bf37a083e3651ca8feeb66d492fef35",
                "sha256:5c5d0a3b48ceee0b48485e0c26037c0acd7d29765ca3fbb5cb3831d347423220"
            ],
            "version": "==0.7.0"
        },
        "py": {
            "hashes": [
                "sha256:51c75c4126074b472f746a24399ad32f6053d1b34b68d2fa41e558e6f4a98719",
                "sha256:607c53218732647dff4acdfcd50cb62615cedf612e72d1724fb1a0cc6405b378"
            ],
            "markers": "python_version >= '2.7' and python_version not in '3.0, 3.1, 3.2, 3.3, 3.4'",
            "version": "==1.11.0"
        },
        "pygments": {
            "hashes": [
                "sha256:44238f1b60a76d78fc8ca0528ee429702aae011c265fe6a8dd8b63049ae41c65",
                "sha256:4e426f72023d88d03b2fa258de560726ce890ff3b630f88c21cbb8b2503b8c6a"
            ],
            "markers": "python_version >= '3.5'",
            "version": "==2.11.2"
        },
        "pyparsing": {
            "hashes": [
                "sha256:18ee9022775d270c55187733956460083db60b37d0d0fb357445f3094eed3eea",
                "sha256:a6c06a88f252e6c322f65faf8f418b16213b51bdfaece0524c1c1bc30c63c484"
            ],
            "markers": "python_version >= '3.6'",
            "version": "==3.0.7"
        },
        "pytest": {
            "hashes": [
                "sha256:0453c8676c2bee6feb0434748b068d5510273a916295fd61d306c4f22fbfd752",
                "sha256:4b208614ae6d98195430ad6bde03641c78553acee7c83cec2e85d613c0cd383d"
            ],
            "index": "pypi",
            "version": "==3.6.3"
        },
        "pytz": {
            "hashes": [
                "sha256:3672058bc3453457b622aab7a1c3bfd5ab0bdae451512f6cf25f64ed37f5b87c",
                "sha256:acad2d8b20a1af07d4e4c9d2e9285c5ed9104354062f275f3fcd88dcef4f1326"
            ],
            "version": "==2021.3"
        },
        "requirements-parser": {
            "hashes": [
                "sha256:3336f3a3ae23e06d3f0f88595e4052396e3adf91688787f637e5d2ca1a904069",
                "sha256:e7fcdcd04f2049e73a9fb150d8a0f9d51ce4108f5f7cbeac74c484e17b12bcd9"
            ],
            "markers": "python_version >= '3.6' and python_version < '4.0'",
            "version": "==0.5.0"
        },
        "requirementslib": {
            "hashes": [
                "sha256:0e6be312ec49c33ddf37af42f72d2c5217afe64ded8ae25d41b8fddfb70e4e8e",
                "sha256:547338f85a0cd6a3834795b9699119cccdeafde512ad6162a84e3fab3612e8f8"
            ],
            "index": "pypi",
            "version": "==1.0.9"
        },
        "setuptools": {
            "hashes": [
                "sha256:22c7348c6d2976a52632c67f7ab0cdf40147db7789f9aed18734643fe9cf3373",
                "sha256:4ce92f1e1f8f01233ee9952c04f6b81d1e02939d6e1b488428154974a4d0783e"
            ],
            "markers": "python_version >= '3.6'",
            "version": "==59.6.0"
        },
        "six": {
            "hashes": [
                "sha256:1e61c37477a1626458e36f7b1d82aa5c9b094fa4802892072e49de9c60c4c926",
                "sha256:8abb2f1d86890a2dfb989f9a77cfcfd3e47c2a354b01111771326f8aa26e0254"
            ],
            "markers": "python_version >= '2.7' and python_version not in '3.0, 3.1, 3.2, 3.3'",
            "version": "==1.16.0"
        },
        "strict-rfc3339": {
            "hashes": [
                "sha256:5cad17bedfc3af57b399db0fed32771f18fc54bbd917e85546088607ac5e1277"
            ],
            "version": "==0.7"
        },
        "timestamp": {
            "hashes": [
                "sha256:b5c7a4539f0d8742b7d6c78febd241ab24903c73c38045690725220ca7eae4ac"
            ],
            "version": "==0.0.1"
        },
        "toml": {
            "hashes": [
                "sha256:806143ae5bfb6a3c6e736a764057db0e6a0e05e338b5630894a5f779cabb4f9b",
                "sha256:b3bda1d108d5dd99f4a20d24d9c348e91c4db7ab1b749200bded2f839ccbe68f"
            ],
            "markers": "python_version >= '2.6' and python_version not in '3.0, 3.1, 3.2, 3.3'",
            "version": "==0.10.2"
        },
        "traitlets": {
            "hashes": [
                "sha256:70b4c6a1d9019d7b4f6846832288f86998aa3b9207c6821f3578a6a6a467fe44",
                "sha256:d023ee369ddd2763310e4c3eae1ff649689440d4ae59d7485eb4cfbbe3e359f7"
            ],
            "version": "==4.3.3"
        },
        "types-setuptools": {
            "hashes": [
                "sha256:9677d969b00ec1c14552f5be2b2b47a6fbea4d0ed4de0fdcee18abdaa0cc9267",
                "sha256:ffda504687ea02d4b7751c0d1df517fbbcdc276836d90849e4f1a5f1ccd79f01"
            ],
            "version": "==57.4.7"
        },
        "wcwidth": {
            "hashes": [
                "sha256:beb4802a9cebb9144e99086eff703a642a13d6a0052920003a230f3294bbe784",
                "sha256:c4d647b99872929fdb7bdcaa4fbe7f01413ed3d98077df798530e5b04f116c83"
            ],
            "version": "==0.2.5"
        }
    }
}
